# This is a Gradle generated file for dependency locking.
# Manual edits can break the build and are not advised.
# This file is expected to be part of source control.
com.fasterxml.jackson.core:jackson-annotations:2.20=compileClasspath,functionalTestCompileClasspath,functionalTestRuntimeClasspath,runtimeClasspath,testCompileClasspath,testRuntimeClasspath
com.fasterxml.jackson.core:jackson-core:2.20.1=compileClasspath,functionalTestCompileClasspath,functionalTestRuntimeClasspath,runtimeClasspath,testCompileClasspath,testRuntimeClasspath
com.fasterxml.jackson.core:jackson-databind:2.20.1=compileClasspath,functionalTestCompileClasspath,functionalTestRuntimeClasspath,runtimeClasspath,testCompileClasspath,testRuntimeClasspath
com.fasterxml.jackson:jackson-bom:2.20.1=compileClasspath,functionalTestCompileClasspath,functionalTestRuntimeClasspath,runtimeClasspath,testCompileClasspath,testRuntimeClasspath
com.github.docker-java:docker-java-api:3.7.1=compileClasspath,functionalTestCompileClasspath,functionalTestRuntimeClasspath,runtimeClasspath,testCompileClasspath,testRuntimeClasspath
com.github.docker-java:docker-java-core:3.7.1=compileClasspath,functionalTestCompileClasspath,functionalTestRuntimeClasspath,runtimeClasspath,testCompileClasspath,testRuntimeClasspath
com.github.docker-java:docker-java-transport-httpclient5:3.7.1=compileClasspath,functionalTestCompileClasspath,functionalTestRuntimeClasspath,runtimeClasspath,testCompileClasspath,testRuntimeClasspath
com.github.docker-java:docker-java-transport-jersey:3.7.1=compileClasspath,functionalTestCompileClasspath,functionalTestRuntimeClasspath,runtimeClasspath,testCompileClasspath,testRuntimeClasspath
com.github.docker-java:docker-java-transport-netty:3.7.1=compileClasspath,functionalTestCompileClasspath,functionalTestRuntimeClasspath,runtimeClasspath,testCompileClasspath,testRuntimeClasspath
com.github.docker-java:docker-java-transport:3.7.1=compileClasspath,functionalTestCompileClasspath,functionalTestRuntimeClasspath,runtimeClasspath,testCompileClasspath,testRuntimeClasspath
com.github.docker-java:docker-java:3.7.1=compileClasspath,functionalTestCompileClasspath,functionalTestRuntimeClasspath,runtimeClasspath,testCompileClasspath,testRuntimeClasspath
com.github.spotbugs:spotbugs-annotations:4.7.3=compileClasspath,functionalTestCompileClasspath,testCompileClasspath
com.google.code.findbugs:jsr305:3.0.2=compileClasspath,functionalTestCompileClasspath,testCompileClasspath
com.google.errorprone:error_prone_annotations:2.36.0=compileClasspath,functionalTestCompileClasspath,functionalTestRuntimeClasspath,runtimeClasspath,testCompileClasspath,testRuntimeClasspath
com.google.guava:failureaccess:1.0.3=compileClasspath,functionalTestCompileClasspath,functionalTestRuntimeClasspath,runtimeClasspath,testCompileClasspath,testRuntimeClasspath
com.google.guava:guava:33.4.8-jre=compileClasspath,functionalTestCompileClasspath,functionalTestRuntimeClasspath,runtimeClasspath,testCompileClasspath,testRuntimeClasspath
com.google.guava:listenablefuture:9999.0-empty-to-avoid-conflict-with-guava=compileClasspath,functionalTestCompileClasspath,functionalTestRuntimeClasspath,runtimeClasspath,testCompileClasspath,testRuntimeClasspath
com.google.j2objc:j2objc-annotations:3.0.0=compileClasspath,functionalTestCompileClasspath,functionalTestRuntimeClasspath,runtimeClasspath,testCompileClasspath,testRuntimeClasspath
com.kohlschutter.junixsocket:junixsocket-common:2.10.1=compileClasspath,functionalTestCompileClasspath,functionalTestRuntimeClasspath,runtimeClasspath,testCompileClasspath,testRuntimeClasspath
com.kohlschutter.junixsocket:junixsocket-native-common:2.10.1=compileClasspath,functionalTestCompileClasspath,functionalTestRuntimeClasspath,runtimeClasspath,testCompileClasspath,testRuntimeClasspath
commons-codec:commons-codec:1.19.0=compileClasspath,functionalTestCompileClasspath,functionalTestRuntimeClasspath,runtimeClasspath,testCompileClasspath,testRuntimeClasspath
commons-io:commons-io:2.21.0=compileClasspath,functionalTestCompileClasspath,functionalTestRuntimeClasspath,runtimeClasspath,testCompileClasspath,testRuntimeClasspath
commons-logging:commons-logging:1.2=compileClasspath,functionalTestCompileClasspath,functionalTestRuntimeClasspath,runtimeClasspath,testCompileClasspath,testRuntimeClasspath
io.netty:netty-buffer:4.2.10.Final=compileClasspath,functionalTestCompileClasspath,functionalTestRuntimeClasspath,runtimeClasspath,testCompileClasspath,testRuntimeClasspath
io.netty:netty-codec-base:4.2.10.Final=compileClasspath,functionalTestCompileClasspath,functionalTestRuntimeClasspath,runtimeClasspath,testCompileClasspath,testRuntimeClasspath
io.netty:netty-codec-compression:4.2.10.Final=compileClasspath,functionalTestCompileClasspath,functionalTestRuntimeClasspath,runtimeClasspath,testCompileClasspath,testRuntimeClasspath
io.netty:netty-codec-http:4.2.10.Final=compileClasspath,functionalTestCompileClasspath,functionalTestRuntimeClasspath,runtimeClasspath,testCompileClasspath,testRuntimeClasspath
io.netty:netty-codec-socks:4.2.10.Final=compileClasspath,functionalTestCompileClasspath,functionalTestRuntimeClasspath,runtimeClasspath,testCompileClasspath,testRuntimeClasspath
io.netty:netty-common:4.2.10.Final=compileClasspath,functionalTestCompileClasspath,functionalTestRuntimeClasspath,runtimeClasspath,testCompileClasspath,testRuntimeClasspath
io.netty:netty-handler-proxy:4.2.10.Final=compileClasspath,functionalTestCompileClasspath,functionalTestRuntimeClasspath,runtimeClasspath,testCompileClasspath,testRuntimeClasspath
io.netty:netty-handler:4.2.10.Final=compileClasspath,functionalTestCompileClasspath,functionalTestRuntimeClasspath,runtimeClasspath,testCompileClasspath,testRuntimeClasspath
io.netty:netty-resolver:4.2.10.Final=compileClasspath,functionalTestCompileClasspath,functionalTestRuntimeClasspath,runtimeClasspath,testCompileClasspath,testRuntimeClasspath
io.netty:netty-transport-classes-epoll:4.2.10.Final=compileClasspath,functionalTestCompileClasspath,functionalTestRuntimeClasspath,runtimeClasspath,testCompileClasspath,testRuntimeClasspath
io.netty:netty-transport-classes-kqueue:4.2.10.Final=compileClasspath,functionalTestCompileClasspath,functionalTestRuntimeClasspath,runtimeClasspath,testCompileClasspath,testRuntimeClasspath
io.netty:netty-transport-native-epoll:4.2.10.Final=compileClasspath,functionalTestCompileClasspath,functionalTestRuntimeClasspath,runtimeClasspath,testCompileClasspath,testRuntimeClasspath
io.netty:netty-transport-native-kqueue:4.2.10.Final=compileClasspath,functionalTestCompileClasspath,functionalTestRuntimeClasspath,runtimeClasspath,testCompileClasspath,testRuntimeClasspath
io.netty:netty-transport-native-unix-common:4.2.10.Final=compileClasspath,functionalTestCompileClasspath,functionalTestRuntimeClasspath,runtimeClasspath,testCompileClasspath,testRuntimeClasspath
io.netty:netty-transport:4.2.10.Final=compileClasspath,functionalTestCompileClasspath,functionalTestRuntimeClasspath,runtimeClasspath,testCompileClasspath,testRuntimeClasspath
jakarta.annotation:jakarta.annotation-api:1.3.5=compileClasspath,functionalTestCompileClasspath,functionalTestRuntimeClasspath,runtimeClasspath,testCompileClasspath,testRuntimeClasspath
jakarta.ws.rs:jakarta.ws.rs-api:2.1.6=compileClasspath,functionalTestCompileClasspath,functionalTestRuntimeClasspath,runtimeClasspath,testCompileClasspath,testRuntimeClasspath
net.bytebuddy:byte-buddy-agent:1.17.7=testCompileClasspath,testRuntimeClasspath
net.bytebuddy:byte-buddy:1.18.3=functionalTestCompileClasspath,functionalTestRuntimeClasspath,testCompileClasspath,testRuntimeClasspath
net.java.dev.jna:jna:5.18.1=compileClasspath,functionalTestCompileClasspath,functionalTestRuntimeClasspath,runtimeClasspath,testCompileClasspath,testRuntimeClasspath
org.apache.commons:commons-compress:1.28.0=compileClasspath,functionalTestCompileClasspath,functionalTestRuntimeClasspath,runtimeClasspath,testCompileClasspath,testRuntimeClasspath
org.apache.commons:commons-lang3:3.19.0=compileClasspath,functionalTestCompileClasspath,functionalTestRuntimeClasspath,runtimeClasspath,testCompileClasspath,testRuntimeClasspath
org.apache.httpcomponents.client5:httpclient5:5.5.1=compileClasspath,functionalTestCompileClasspath,functionalTestRuntimeClasspath,runtimeClasspath,testCompileClasspath,testRuntimeClasspath
org.apache.httpcomponents.core5:httpcore5-h2:5.3.6=compileClasspath,functionalTestCompileClasspath,functionalTestRuntimeClasspath,runtimeClasspath,testCompileClasspath,testRuntimeClasspath
org.apache.httpcomponents.core5:httpcore5:5.3.6=compileClasspath,functionalTestCompileClasspath,functionalTestRuntimeClasspath,runtimeClasspath,testCompileClasspath,testRuntimeClasspath
org.apache.httpcomponents:httpclient:4.5.14=compileClasspath,functionalTestCompileClasspath,functionalTestRuntimeClasspath,runtimeClasspath,testCompileClasspath,testRuntimeClasspath
org.apache.httpcomponents:httpcore:4.4.16=compileClasspath,functionalTestCompileClasspath,functionalTestRuntimeClasspath,runtimeClasspath,testCompileClasspath,testRuntimeClasspath
org.apiguardian:apiguardian-api:1.1.2=functionalTestCompileClasspath,testCompileClasspath
org.assertj:assertj-core:3.27.7=functionalTestCompileClasspath,functionalTestRuntimeClasspath,testCompileClasspath,testRuntimeClasspath
org.bouncycastle:bcpkix-jdk18on:1.82=compileClasspath,functionalTestCompileClasspath,functionalTestRuntimeClasspath,runtimeClasspath,testCompileClasspath,testRuntimeClasspath
org.bouncycastle:bcprov-jdk18on:1.82=compileClasspath,functionalTestCompileClasspath,functionalTestRuntimeClasspath,runtimeClasspath,testCompileClasspath,testRuntimeClasspath
org.bouncycastle:bcutil-jdk18on:1.82=compileClasspath,functionalTestCompileClasspath,functionalTestRuntimeClasspath,runtimeClasspath,testCompileClasspath,testRuntimeClasspath
org.glassfish.hk2.external:aopalliance-repackaged:2.6.1=compileClasspath,functionalTestCompileClasspath,functionalTestRuntimeClasspath,runtimeClasspath,testCompileClasspath,testRuntimeClasspath
org.glassfish.hk2.external:jakarta.inject:2.6.1=compileClasspath,functionalTestCompileClasspath,functionalTestRuntimeClasspath,runtimeClasspath,testCompileClasspath,testRuntimeClasspath
org.glassfish.hk2:hk2-api:2.6.1=compileClasspath,functionalTestCompileClasspath,functionalTestRuntimeClasspath,runtimeClasspath,testCompileClasspath,testRuntimeClasspath
org.glassfish.hk2:hk2-locator:2.6.1=compileClasspath,functionalTestCompileClasspath,functionalTestRuntimeClasspath,runtimeClasspath,testCompileClasspath,testRuntimeClasspath
org.glassfish.hk2:hk2-utils:2.6.1=compileClasspath,functionalTestCompileClasspath,functionalTestRuntimeClasspath,runtimeClasspath,testCompileClasspath,testRuntimeClasspath
org.glassfish.hk2:osgi-resource-locator:1.0.3=compileClasspath,functionalTestCompileClasspath,functionalTestRuntimeClasspath,runtimeClasspath,testCompileClasspath,testRuntimeClasspath
org.glassfish.jersey.connectors:jersey-apache-connector:2.47=compileClasspath,functionalTestCompileClasspath,functionalTestRuntimeClasspath,runtimeClasspath,testCompileClasspath,testRuntimeClasspath
org.glassfish.jersey.core:jersey-client:2.47=compileClasspath,functionalTestCompileClasspath,functionalTestRuntimeClasspath,runtimeClasspath,testCompileClasspath,testRuntimeClasspath
org.glassfish.jersey.core:jersey-common:2.47=compileClasspath,functionalTestCompileClasspath,functionalTestRuntimeClasspath,runtimeClasspath,testCompileClasspath,testRuntimeClasspath
org.glassfish.jersey.inject:jersey-hk2:2.47=compileClasspath,functionalTestCompileClasspath,functionalTestRuntimeClasspath,runtimeClasspath,testCompileClasspath,testRuntimeClasspath
org.jacoco:org.jacoco.agent:0.8.12=jacocoAgent,jacocoAnt
org.jacoco:org.jacoco.ant:0.8.12=jacocoAnt
org.jacoco:org.jacoco.core:0.8.12=jacocoAnt
org.jacoco:org.jacoco.report:0.8.12=jacocoAnt
org.javassist:javassist:3.30.2-GA=compileClasspath,functionalTestCompileClasspath,functionalTestRuntimeClasspath,runtimeClasspath,testCompileClasspath,testRuntimeClasspath
org.jspecify:jspecify:1.0.0=compileClasspath,functionalTestCompileClasspath,functionalTestRuntimeClasspath,runtimeClasspath,testCompileClasspath,testRuntimeClasspath
org.junit.jupiter:junit-jupiter-api:5.10.2=functionalTestCompileClasspath,functionalTestRuntimeClasspath,testCompileClasspath
org.junit.jupiter:junit-jupiter-api:5.13.4=testRuntimeClasspath
org.junit.jupiter:junit-jupiter-engine:5.10.2=functionalTestRuntimeClasspath
org.junit.jupiter:junit-jupiter-engine:5.13.4=testRuntimeClasspath
org.junit.jupiter:junit-jupiter-params:5.10.2=functionalTestCompileClasspath,functionalTestRuntimeClasspath,testCompileClasspath
org.junit.jupiter:junit-jupiter-params:5.13.4=testRuntimeClasspath
org.junit.jupiter:junit-jupiter:5.10.2=functionalTestCompileClasspath,functionalTestRuntimeClasspath,testCompileClasspath
org.junit.jupiter:junit-jupiter:5.13.4=testRuntimeClasspath
org.junit.platform:junit-platform-commons:1.10.2=functionalTestCompileClasspath,functionalTestRuntimeClasspath,testCompileClasspath
org.junit.platform:junit-platform-commons:1.13.4=testRuntimeClasspath
org.junit.platform:junit-platform-engine:1.10.2=functionalTestRuntimeClasspath
org.junit.platform:junit-platform-engine:1.13.4=testRuntimeClasspath
org.junit.platform:junit-platform-launcher:1.10.2=functionalTestRuntimeClasspath
org.junit.platform:junit-platform-launcher:1.13.4=testRuntimeClasspath
org.junit:junit-bom:5.10.2=functionalTestCompileClasspath,functionalTestRuntimeClasspath,testCompileClasspath
org.junit:junit-bom:5.13.4=testRuntimeClasspath
org.mockito:mockito-core:5.23.0=testCompileClasspath,testRuntimeClasspath
org.mockito:mockito-junit-jupiter:5.23.0=testCompileClasspath,testRuntimeClasspath
org.objenesis:objenesis:3.3=testRuntimeClasspath
org.opentest4j:opentest4j:1.3.0=functionalTestCompileClasspath,functionalTestRuntimeClasspath,testCompileClasspath,testRuntimeClasspath
org.ow2.asm:asm-commons:9.7=jacocoAnt
org.ow2.asm:asm-tree:9.7=jacocoAnt
org.ow2.asm:asm:9.7=jacocoAnt
org.projectlombok:lombok:1.18.44=annotationProcessor,compileClasspath,functionalTestAnnotationProcessor,functionalTestCompileClasspath,lombok,testAnnotationProcessor,testCompileClasspath
org.slf4j:jcl-over-slf4j:1.7.30=compileClasspath,functionalTestCompileClasspath,functionalTestRuntimeClasspath,runtimeClasspath,testCompileClasspath,testRuntimeClasspath
org.slf4j:slf4j-api:1.7.36=compileClasspath,functionalTestCompileClasspath,functionalTestRuntimeClasspath,runtimeClasspath,testCompileClasspath,testRuntimeClasspath
empty=
